<?xml version="1.0" encoding="utf-8"?>
<Project ToolsVersion="16.0" xmlns="http://schemas.microsoft.com/developer/msbuild/2003">
  <ItemGroup>
    <CustomBuild Include="C:\Users\Sam\Desktop\cuda_cpp_combined\cmake_setup\cpp_only\build_win\CMakeFiles\7c411369de511aaa2115487a0749f66a\generate.stamp.rule">
      <Filter>CMake Rules</Filter>
    </CustomBuild>
  </ItemGroup>
  <ItemGroup>
    <Filter Include="CMake Rules">
      <UniqueIdentifier>{EE37A792-F039-368E-AA4B-B35DCEE35723}</UniqueIdentifier>
    </Filter>
  </ItemGroup>
</Project>
